
Microsoft Visual Studio Solution File, Format Version 12.00
# Visual Studio 2013
VisualStudioVersion = 12.0.40629.0
MinimumVisualStudioVersion = 10.0.40219.1
Project("{8BC9CEB8-8B4A-11D0-8D11-00A0C91BC942}") = "ABCDLL", "ABCDLL\ABCDLL.vcxproj", "{DE61E3F6-1828-4A82-9182-762A9EDD70F2}"
EndProject
Project("{8BC9CEB8-8B4A-11D0-8D11-00A0C91BC942}") = "TestDll", "TestDll\TestDll.vcxproj", "{A8C337F5-3EAB-40CA-81A7-95195F6FDB27}"
EndProject
Global
	GlobalSection(SolutionConfigurationPlatforms) = preSolution
		Debug|Win32 = Debug|Win32
		Release|Win32 = Release|Win32
	EndGlobalSection
	GlobalSection(ProjectConfigurationPlatforms) = postSolution
		{DE61E3F6-1828-4A82-9182-762A9EDD70F2}.Debug|Win32.ActiveCfg = Debug|Win32
		{DE61E3F6-1828-4A82-9182-762A9EDD70F2}.Debug|Win32.Build.0 = Debug|Win32
		{DE61E3F6-1828-4A82-9182-762A9EDD70F2}.Release|Win32.ActiveCfg = Release|Win32
		{DE61E3F6-1828-4A82-9182-762A9EDD70F2}.Release|Win32.Build.0 = Release|Win32
		{A8C337F5-3EAB-40CA-81A7-95195F6FDB27}.Debug|Win32.ActiveCfg = Debug|Win32
		{A8C337F5-3EAB-40CA-81A7-95195F6FDB27}.Debug|Win32.Build.0 = Debug|Win32
		{A8C337F5-3EAB-40CA-81A7-95195F6FDB27}.Release|Win32.ActiveCfg = Release|Win32
		{A8C337F5-3EAB-40CA-81A7-95195F6FDB27}.Release|Win32.Build.0 = Release|Win32
	EndGlobalSection
	GlobalSection(SolutionProperties) = preSolution
		HideSolutionNode = FALSE
	EndGlobalSection
EndGlobal
